lockfileVersion: '6.1'

settings:
  autoInstallPeers: true
  excludeLinksFromLockfile: false

dependencies:
  ansi-sequence-parser:
    specifier: ^1.1.0
    version: 1.1.1
  jsonc-parser:
    specifier: ^3.2.0
    version: 3.3.1
  vscode-oniguruma:
    specifier: ^1.7.0
    version: 1.7.0
  vscode-textmate:
    specifier: ^8.0.0
    version: 8.0.0

devDependencies:
  '@types/node':
    specifier: ^18.11.17
    version: 18.19.58

packages:

  /@types/node@18.19.58:
    resolution: {integrity: sha512-2ryJttbOAWCYuZMdk4rmZZ6oqE+GSL5LxbaTVe4PCs0FUrHObZZAQL4ihMw9/cH1Pn8lSQ9TXVhsM4LrnfZ0aA==}
    dependencies:
      undici-types: 5.26.5
    dev: true

  /ansi-sequence-parser@1.1.1:
    resolution: {integrity: sha512-vJXt3yiaUL4UU546s3rPXlsry/RnM730G1+HkpKE012AN0sx1eOrxSu95oKDIonskeLTijMgqWZ3uDEe3NFvyg==}
    dev: false

  /jsonc-parser@3.3.1:
    resolution: {integrity: sha512-HUgH65KyejrUFPvHFPbqOY0rsFip3Bo5wb4ngvdi1EpCYWUQDC5V+Y7mZws+DLkr4M//zQJoanu1SP+87Dv1oQ==}
    dev: false

  /undici-types@5.26.5:
    resolution: {integrity: sha512-JlCMO+ehdEIKqlFxk6IfVoAUVmgz7cU7zD/h9XZ0qzeosSHmUJVOzSQvvYSYWXkFXC+IfLKSIffhv0sVZup6pA==}
    dev: true

  /vscode-oniguruma@1.7.0:
    resolution: {integrity: sha512-L9WMGRfrjOhgHSdOYgCt/yRMsXzLDJSL7BPrOZt73gU0iWO4mpqzqQzOz5srxqTvMBaR0XZTSrVWo4j55Rc6cA==}
    dev: false

  /vscode-textmate@8.0.0:
    resolution: {integrity: sha512-AFbieoL7a5LMqcnOF04ji+rpXadgOXnZsxQr//r83kLPr7biP7am3g9zbaZIaBGwBRWeSvoMD4mgPdX3e4NWBg==}
    dev: false
